// !$*UTF8*$!
{
	archiveVersion = 1;
	classes = {
	};
	objectVersion = 50;
	objects = {

/* Begin PBXBuildFile section */
		89860603FAE11F2F13895293 /* Pods_SwiftBookUIKit1.framework in Frameworks */ = {isa = PBXBuildFile; fileRef = 6F7978063202F164D1FDB15B /* Pods_SwiftBookUIKit1.framework */; };
		BB353E89284A2232001166C7 /* SecondViewController.swift in Sources */ = {isa = PBXBuildFile; fileRef = BB353E88284A2232001166C7 /* SecondViewController.swift */; };
		BB41FB352849DEB000BE4457 /* AppDelegate.swift in Sources */ = {isa = PBXBuildFile; fileRef = BB41FB342849DEB000BE4457 /* AppDelegate.swift */; };
		BB41FB372849DEB000BE4457 /* SceneDelegate.swift in Sources */ = {isa = PBXBuildFile; fileRef = BB41FB362849DEB000BE4457 /* SceneDelegate.swift */; };
		BB41FB392849DEB000BE4457 /* ViewController.swift in Sources */ = {isa = PBXBuildFile; fileRef = BB41FB382849DEB000BE4457 /* ViewController.swift */; };
		BB41FB3C2849DEB000BE4457 /* Main.storyboard in Resources */ = {isa = PBXBuildFile; fileRef = BB41FB3A2849DEB000BE4457 /* Main.storyboard */; };
		BB41FB3E2849DEB200BE4457 /* Assets.xcassets in Resources */ = {isa = PBXBuildFile; fileRef = BB41FB3D2849DEB200BE4457 /* Assets.xcassets */; };
		BB41FB412849DEB200BE4457 /* LaunchScreen.storyboard in Resources */ = {isa = PBXBuildFile; fileRef = BB41FB3F2849DEB200BE4457 /* LaunchScreen.storyboard */; };
/* End PBXBuildFile section */

/* Begin PBXFileReference section */
		68438451581D8512BEE15022 /* Pods-SwiftBookUIKit1.debug.xcconfig */ = {isa = PBXFileReference; includeInIndex = 1; lastKnownFileType = text.xcconfig; name = "Pods-SwiftBookUIKit1.debug.xcconfig"; path = "Target Support Files/Pods-SwiftBookUIKit1/Pods-SwiftBookUIKit1.debug.xcconfig"; sourceTree = "<group>"; };
		6F7978063202F164D1FDB15B /* Pods_SwiftBookUIKit1.framework */ = {isa = PBXFileReference; explicitFileType = wrapper.framework; includeInIndex = 0; path = Pods_SwiftBookUIKit1.framework; sourceTree = BUILT_PRODUCTS_DIR; };
		8304548BC46737980D398D24 /* Pods-SwiftBookUIKit1.release.xcconfig */ = {isa = PBXFileReference; includeInIndex = 1; lastKnownFileType = text.xcconfig; name = "Pods-SwiftBookUIKit1.release.xcconfig"; path = "Target Support Files/Pods-SwiftBookUIKit1/Pods-SwiftBookUIKit1.release.xcconfig"; sourceTree = "<group>"; };
		BB353E88284A2232001166C7 /* SecondViewController.swift */ = {isa = PBXFileReference; lastKnownFileType = sourcecode.swift; path = SecondViewController.swift; sourceTree = "<group>"; };
		BB41FB312849DEB000BE4457 /* SwiftBookUIKit1.app */ = {isa = PBXFileReference; explicitFileType = wrapper.application; includeInIndex = 0; path = SwiftBookUIKit1.app; sourceTree = BUILT_PRODUCTS_DIR; };
		BB41FB342849DEB000BE4457 /* AppDelegate.swift */ = {isa = PBXFileReference; lastKnownFileType = sourcecode.swift; path = AppDelegate.swift; sourceTree = "<group>"; };
		BB41FB362849DEB000BE4457 /* SceneDelegate.swift */ = {isa = PBXFileReference; lastKnownFileType = sourcecode.swift; path = SceneDelegate.swift; sourceTree = "<group>"; };
		BB41FB382849DEB000BE4457 /* ViewController.swift */ = {isa = PBXFileReference; lastKnownFileType = sourcecode.swift; path = ViewController.swift; sourceTree = "<group>"; };
		BB41FB3B2849DEB000BE4457 /* Base */ = {isa = PBXFileReference; lastKnownFileType = file.storyboard; name = Base; path = Base.lproj/Main.storyboard; sourceTree = "<group>"; };
		BB41FB3D2849DEB200BE4457 /* Assets.xcassets */ = {isa = PBXFileReference; lastKnownFileType = folder.assetcatalog; path = Assets.xcassets; sourceTree = "<group>"; };
		BB41FB402849DEB200BE4457 /* Base */ = {isa = PBXFileReference; lastKnownFileType = file.storyboard; name = Base; path = Base.lproj/LaunchScreen.storyboard; sourceTree = "<group>"; };
		BB41FB422849DEB200BE4457 /* Info.plist */ = {isa = PBXFileReference; lastKnownFileType = text.plist.xml; path = Info.plist; sourceTree = "<group>"; };
/* End PBXFileReference section */

/* Begin PBXFrameworksBuildPhase section */
		BB41FB2E2849DEB000BE4457 /* Frameworks */ = {
			isa = PBXFrameworksBuildPhase;
			buildActionMask = 2147483647;
			files = (
				89860603FAE11F2F13895293 /* Pods_SwiftBookUIKit1.framework in Frameworks */,
			);
			runOnlyForDeploymentPostprocessing = 0;
		};
/* End PBXFrameworksBuildPhase section */

/* Begin PBXGroup section */
		6F031C776E155A34C438EF1E /* Frameworks */ = {
			isa = PBXGroup;
			children = (
				6F7978063202F164D1FDB15B /* Pods_SwiftBookUIKit1.framework */,
			);
			name = Frameworks;
			sourceTree = "<group>";
		};
		BB41FB282849DEB000BE4457 = {
			isa = PBXGroup;
			children = (
				BB41FB332849DEB000BE4457 /* SwiftBookUIKit1 */,
				BB41FB322849DEB000BE4457 /* Products */,
				D8C6EDD6BDA74A46C48C36F4 /* Pods */,
				6F031C776E155A34C438EF1E /* Frameworks */,
			);
			sourceTree = "<group>";
		};
		BB41FB322849DEB000BE4457 /* Products */ = {
			isa = PBXGroup;
			children = (
				BB41FB312849DEB000BE4457 /* SwiftBookUIKit1.app */,
			);
			name = Products;
			sourceTree = "<group>";
		};
		BB41FB332849DEB000BE4457 /* SwiftBookUIKit1 */ = {
			isa = PBXGroup;
			children = (
				BB41FB342849DEB000BE4457 /* AppDelegate.swift */,
				BB41FB362849DEB000BE4457 /* SceneDelegate.swift */,
				BB41FB382849DEB000BE4457 /* ViewController.swift */,
				BB41FB3A2849DEB000BE4457 /* Main.storyboard */,
				BB41FB3D2849DEB200BE4457 /* Assets.xcassets */,
				BB41FB3F2849DEB200BE4457 /* LaunchScreen.storyboard */,
				BB41FB422849DEB200BE4457 /* Info.plist */,
				BB353E88284A2232001166C7 /* SecondViewController.swift */,
			);
			path = SwiftBookUIKit1;
			sourceTree = "<group>";
		};
		D8C6EDD6BDA74A46C48C36F4 /* Pods */ = {
			isa = PBXGroup;
			children = (
				68438451581D8512BEE15022 /* Pods-SwiftBookUIKit1.debug.xcconfig */,
				8304548BC46737980D398D24 /* Pods-SwiftBookUIKit1.release.xcconfig */,
			);
			name = Pods;
			path = Pods;
			sourceTree = "<group>";
		};
/* End PBXGroup section */

/* Begin PBXNativeTarget section */
		BB41FB302849DEB000BE4457 /* SwiftBookUIKit1 */ = {
			isa = PBXNativeTarget;
			buildConfigurationList = BB41FB452849DEB200BE4457 /* Build configuration list for PBXNativeTarget "SwiftBookUIKit1" */;
			buildPhases = (
				A9847067B95BCA34E3B939D1 /* [CP] Check Pods Manifest.lock */,
				BB41FB2D2849DEB000BE4457 /* Sources */,
				BB41FB2E2849DEB000BE4457 /* Frameworks */,
				BB41FB2F2849DEB000BE4457 /* Resources */,
				183037F4A4BA533D45333F2A /* [CP] Embed Pods Frameworks */,
			);
			buildRules = (
			);
			dependencies = (
			);
			name = SwiftBookUIKit1;
			productName = SwiftBookUIKit1;
			productReference = BB41FB312849DEB000BE4457 /* SwiftBookUIKit1.app */;
			productType = "com.apple.product-type.application";
		};
/* End PBXNativeTarget section */

/* Begin PBXProject section */
		BB41FB292849DEB000BE4457 /* Project object */ = {
			isa = PBXProject;
			attributes = {
				LastSwiftUpdateCheck = 1210;
				LastUpgradeCheck = 1210;
				TargetAttributes = {
					BB41FB302849DEB000BE4457 = {
						CreatedOnToolsVersion = 12.1;
					};
				};
			};
			buildConfigurationList = BB41FB2C2849DEB000BE4457 /* Build configuration list for PBXProject "SwiftBookUIKit1" */;
			compatibilityVersion = "Xcode 9.3";
			developmentRegion = en;
			hasScannedForEncodings = 0;
			knownRegions = (
				en,
				Base,
			);
			mainGroup = BB41FB282849DEB000BE4457;
			productRefGroup = BB41FB322849DEB000BE4457 /* Products */;
			projectDirPath = "";
			projectRoot = "";
			targets = (
				BB41FB302849DEB000BE4457 /* SwiftBookUIKit1 */,
			);
		};
/* End PBXProject section */

/* Begin PBXResourcesBuildPhase section */
		BB41FB2F2849DEB000BE4457 /* Resources */ = {
			isa = PBXResourcesBuildPhase;
			buildActionMask = 2147483647;
			files = (
				BB41FB412849DEB200BE4457 /* LaunchScreen.storyboard in Resources */,
				BB41FB3E2849DEB200BE4457 /* Assets.xcassets in Resources */,
				BB41FB3C2849DEB000BE4457 /* Main.storyboard in Resources */,
			);
			runOnlyForDeploymentPostprocessing = 0;
		};
/* End PBXResourcesBuildPhase section */

/* Begin PBXShellScriptBuildPhase section */
		183037F4A4BA533D45333F2A /* [CP] Embed Pods Frameworks */ = {
			isa = PBXShellScriptBuildPhase;
			buildActionMask = 2147483647;
			files = (
			);
			inputFileListPaths = (
				"${PODS_ROOT}/Target Support Files/Pods-SwiftBookUIKit1/Pods-SwiftBookUIKit1-frameworks-${CONFIGURATION}-input-files.xcfilelist",
			);
			name = "[CP] Embed Pods Frameworks";
			outputFileListPaths = (
				"${PODS_ROOT}/Target Support Files/Pods-SwiftBookUIKit1/Pods-SwiftBookUIKit1-frameworks-${CONFIGURATION}-output-files.xcfilelist",
			);
			runOnlyForDeploymentPostprocessing = 0;
			shellPath = /bin/sh;
			shellScript = "\"${PODS_ROOT}/Target Support Files/Pods-SwiftBookUIKit1/Pods-SwiftBookUIKit1-frameworks.sh\"\n";
			showEnvVarsInLog = 0;
		};
		A9847067B95BCA34E3B939D1 /* [CP] Check Pods Manifest.lock */ = {
			isa = PBXShellScriptBuildPhase;
			buildActionMask = 2147483647;
			files = (
			);
			inputFileListPaths = (
			);
			inputPaths = (
				"${PODS_PODFILE_DIR_PATH}/Podfile.lock",
				"${PODS_ROOT}/Manifest.lock",
			);
			name = "[CP] Check Pods Manifest.lock";
			outputFileListPaths = (
			);
			outputPaths = (
				"$(DERIVED_FILE_DIR)/Pods-SwiftBookUIKit1-checkManifestLockResult.txt",
			);
			runOnlyForDeploymentPostprocessing = 0;
			shellPath = /bin/sh;
			shellScript = "diff \"${PODS_PODFILE_DIR_PATH}/Podfile.lock\" \"${PODS_ROOT}/Manifest.lock\" > /dev/null\nif [ $? != 0 ] ; then\n    # print error to STDERR\n    echo \"error: The sandbox is not in sync with the Podfile.lock. Run 'pod install' or update your CocoaPods installation.\" >&2\n    exit 1\nfi\n# This output is used by Xcode 'outputs' to avoid re-running this script phase.\necho \"SUCCESS\" > \"${SCRIPT_OUTPUT_FILE_0}\"\n";
			showEnvVarsInLog = 0;
		};
/* End PBXShellScriptBuildPhase section */

/* Begin PBXSourcesBuildPhase section */
		BB41FB2D2849DEB000BE4457 /* Sources */ = {
			isa = PBXSourcesBuildPhase;
			buildActionMask = 2147483647;
			files = (
				BB353E89284A2232001166C7 /* SecondViewController.swift in Sources */,
				BB41FB392849DEB000BE4457 /* ViewController.swift in Sources */,
				BB41FB352849DEB000BE4457 /* AppDelegate.swift in Sources */,
				BB41FB372849DEB000BE4457 /* SceneDelegate.swift in Sources */,
			);
			runOnlyForDeploymentPostprocessing = 0;
		};
/* End PBXSourcesBuildPhase section */

/* Begin PBXVariantGroup section */
		BB41FB3A2849DEB000BE4457 /* Main.storyboard */ = {
			isa = PBXVariantGroup;
			children = (
				BB41FB3B2849DEB000BE4457 /* Base */,
			);
			name = Main.storyboard;
			sourceTree = "<group>";
		};
		BB41FB3F2849DEB200BE4457 /* LaunchScreen.storyboard */ = {
			isa = PBXVariantGroup;
			children = (
				BB41FB402849DEB200BE4457 /* Base */,
			);
			name = LaunchScreen.storyboard;
			sourceTree = "<group>";
		};
/* End PBXVariantGroup section */

/* Begin XCBuildConfiguration section */
		BB41FB432849DEB200BE4457 /* Debug */ = {
			isa = XCBuildConfiguration;
			buildSettings = {
				ALWAYS_SEARCH_USER_PATHS = NO;
				CLANG_ANALYZER_NONNULL = YES;
				CLANG_ANALYZER_NUMBER_OBJECT_CONVERSION = YES_AGGRESSIVE;
				CLANG_CXX_LANGUAGE_STANDARD = "gnu++14";
				CLANG_CXX_LIBRARY = "libc++";
				CLANG_ENABLE_MODULES = YES;
				CLANG_ENABLE_OBJC_ARC = YES;
				CLANG_ENABLE_OBJC_WEAK = YES;
				CLANG_WARN_BLOCK_CAPTURE_AUTORELEASING = YES;
				CLANG_WARN_BOOL_CONVERSION = YES;
				CLANG_WARN_COMMA = YES;
				CLANG_WARN_CONSTANT_CONVERSION = YES;
				CLANG_WARN_DEPRECATED_OBJC_IMPLEMENTATIONS = YES;
				CLANG_WARN_DIRECT_OBJC_ISA_USAGE = YES_ERROR;
				CLANG_WARN_DOCUMENTATION_COMMENTS = YES;
				CLANG_WARN_EMPTY_BODY = YES;
				CLANG_WARN_ENUM_CONVERSION = YES;
				CLANG_WARN_INFINITE_RECURSION = YES;
				CLANG_WARN_INT_CONVERSION = YES;
				CLANG_WARN_NON_LITERAL_NULL_CONVERSION = YES;
				CLANG_WARN_OBJC_IMPLICIT_RETAIN_SELF = YES;
				CLANG_WARN_OBJC_LITERAL_CONVERSION = YES;
				CLANG_WARN_OBJC_ROOT_CLASS = YES_ERROR;
				CLANG_WARN_QUOTED_INCLUDE_IN_FRAMEWORK_HEADER = YES;
				CLANG_WARN_RANGE_LOOP_ANALYSIS = YES;
				CLANG_WARN_STRICT_PROTOTYPES = YES;
				CLANG_WARN_SUSPICIOUS_MOVE = YES;
				CLANG_WARN_UNGUARDED_AVAILABILITY = YES_AGGRESSIVE;
				CLANG_WARN_UNREACHABLE_CODE = YES;
				CLANG_WARN__DUPLICATE_METHOD_MATCH = YES;
				COPY_PHASE_STRIP = NO;
				DEBUG_INFORMATION_FORMAT = dwarf;
				ENABLE_STRICT_OBJC_MSGSEND = YES;
				ENABLE_TESTABILITY = YES;
				GCC_C_LANGUAGE_STANDARD = gnu11;
				GCC_DYNAMIC_NO_PIC = NO;
				GCC_NO_COMMON_BLOCKS = YES;
				GCC_OPTIMIZATION_LEVEL = 0;
				GCC_PREPROCESSOR_DEFINITIONS = (
					"DEBUG=1",
					"$(inherited)",
				);
				GCC_WARN_64_TO_32_BIT_CONVERSION = YES;
				GCC_WARN_ABOUT_RETURN_TYPE = YES_ERROR;
				GCC_WARN_UNDECLARED_SELECTOR = YES;
				GCC_WARN_UNINITIALIZED_AUTOS = YES_AGGRESSIVE;
				GCC_WARN_UNUSED_FUNCTION = YES;
				GCC_WARN_UNUSED_VARIABLE = YES;
				IPHONEOS_DEPLOYMENT_TARGET = 14.1;
				MTL_ENABLE_DEBUG_INFO = INCLUDE_SOURCE;
				MTL_FAST_MATH = YES;
				ONLY_ACTIVE_ARCH = YES;
				SDKROOT = iphoneos;
				SWIFT_ACTIVE_COMPILATION_CONDITIONS = DEBUG;
				SWIFT_OPTIMIZATION_LEVEL = "-Onone";
			};
			name = Debug;
		};
		BB41FB442849DEB200BE4457 /* Release */ = {
			isa = XCBuildConfiguration;
			buildSettings = {
				ALWAYS_SEARCH_USER_PATHS = NO;
				CLANG_ANALYZER_NONNULL = YES;
				CLANG_ANALYZER_NUMBER_OBJECT_CONVERSION = YES_AGGRESSIVE;
				CLANG_CXX_LANGUAGE_STANDARD = "gnu++14";
				CLANG_CXX_LIBRARY = "libc++";
				CLANG_ENABLE_MODULES = YES;
				CLANG_ENABLE_OBJC_ARC = YES;
				CLANG_ENABLE_OBJC_WEAK = YES;
				CLANG_WARN_BLOCK_CAPTURE_AUTORELEASING = YES;
				CLANG_WARN_BOOL_CONVERSION = YES;
				CLANG_WARN_COMMA = YES;
				CLANG_WARN_CONSTANT_CONVERSION = YES;
				CLANG_WARN_DEPRECATED_OBJC_IMPLEMENTATIONS = YES;
				CLANG_WARN_DIRECT_OBJC_ISA_USAGE = YES_ERROR;
				CLANG_WARN_DOCUMENTATION_COMMENTS = YES;
				CLANG_WARN_EMPTY_BODY = YES;
				CLANG_WARN_ENUM_CONVERSION = YES;
				CLANG_WARN_INFINITE_RECURSION = YES;
				CLANG_WARN_INT_CONVERSION = YES;
				CLANG_WARN_NON_LITERAL_NULL_CONVERSION = YES;
				CLANG_WARN_OBJC_IMPLICIT_RETAIN_SELF = YES;
				CLANG_WARN_OBJC_LITERAL_CONVERSION = YES;
				CLANG_WARN_OBJC_ROOT_CLASS = YES_ERROR;
				CLANG_WARN_QUOTED_INCLUDE_IN_FRAMEWORK_HEADER = YES;
				CLANG_WARN_RANGE_LOOP_ANALYSIS = YES;
				CLANG_WARN_STRICT_PROTOTYPES = YES;
				CLANG_WARN_SUSPICIOUS_MOVE = YES;
				CLANG_WARN_UNGUARDED_AVAILABILITY = YES_AGGRESSIVE;
				CLANG_WARN_UNREACHABLE_CODE = YES;
				CLANG_WARN__DUPLICATE_METHOD_MATCH = YES;
				COPY_PHASE_STRIP = NO;
				DEBUG_INFORMATION_FORMAT = "dwarf-with-dsym";
				ENABLE_NS_ASSERTIONS = NO;
				ENABLE_STRICT_OBJC_MSGSEND = YES;
				GCC_C_LANGUAGE_STANDARD = gnu11;
				GCC_NO_COMMON_BLOCKS = YES;
				GCC_WARN_64_TO_32_BIT_CONVERSION = YES;
				GCC_WARN_ABOUT_RETURN_TYPE = YES_ERROR;
				GCC_WARN_UNDECLARED_SELECTOR = YES;
				GCC_WARN_UNINITIALIZED_AUTOS = YES_AGGRESSIVE;
				GCC_WARN_UNUSED_FUNCTION = YES;
				GCC_WARN_UNUSED_VARIABLE = YES;
				IPHONEOS_DEPLOYMENT_TARGET = 14.1;
				MTL_ENABLE_DEBUG_INFO = NO;
				MTL_FAST_MATH = YES;
				SDKROOT = iphoneos;
				SWIFT_COMPILATION_MODE = wholemodule;
				SWIFT_OPTIMIZATION_LEVEL = "-O";
				VALIDATE_PRODUCT = YES;
			};
			name = Release;
		};
		BB41FB462849DEB200BE4457 /* Debug */ = {
			isa = XCBuildConfiguration;
			baseConfigurationReference = 68438451581D8512BEE15022 /* Pods-SwiftBookUIKit1.debug.xcconfig */;
			buildSettings = {
				ASSETCATALOG_COMPILER_APPICON_NAME = AppIcon;
				ASSETCATALOG_COMPILER_GLOBAL_ACCENT_COLOR_NAME = AccentColor;
				CODE_SIGN_STYLE = Automatic;
				DEVELOPMENT_TEAM = 6WW6D9N6J7;
				INFOPLIST_FILE = SwiftBookUIKit1/Info.plist;
				LD_RUNPATH_SEARCH_PATHS = (
					"$(inherited)",
					"@executable_path/Frameworks",
				);
				PRODUCT_BUNDLE_IDENTIFIER = "ru.koskin-val-mail.SwiftBookUIKit1";
				PRODUCT_NAME = "$(TARGET_NAME)";
				SWIFT_VERSION = 5.0;
				TARGETED_DEVICE_FAMILY = "1,2";
			};
			name = Debug;
		};
		BB41FB472849DEB200BE4457 /* Release */ = {
			isa = XCBuildConfiguration;
			baseConfigurationReference = 8304548BC46737980D398D24 /* Pods-SwiftBookUIKit1.release.xcconfig */;
			buildSettings = {
				ASSETCATALOG_COMPILER_APPICON_NAME = AppIcon;
				ASSETCATALOG_COMPILER_GLOBAL_ACCENT_COLOR_NAME = AccentColor;
				CODE_SIGN_STYLE = Automatic;
				DEVELOPMENT_TEAM = 6WW6D9N6J7;
				INFOPLIST_FILE = SwiftBookUIKit1/Info.plist;
				LD_RUNPATH_SEARCH_PATHS = (
					"$(inherited)",
					"@executable_path/Frameworks",
				);
				PRODUCT_BUNDLE_IDENTIFIER = "ru.koskin-val-mail.SwiftBookUIKit1";
				PRODUCT_NAME = "$(TARGET_NAME)";
				SWIFT_VERSION = 5.0;
				TARGETED_DEVICE_FAMILY = "1,2";
			};
			name = Release;
		};
/* End XCBuildConfiguration section */

/* Begin XCConfigurationList section */
		BB41FB2C2849DEB000BE4457 /* Build configuration list for PBXProject "SwiftBookUIKit1" */ = {
			isa = XCConfigurationList;
			buildConfigurations = (
				BB41FB432849DEB200BE4457 /* Debug */,
				BB41FB442849DEB200BE4457 /* Release */,
			);
			defaultConfigurationIsVisible = 0;
			defaultConfigurationName = Release;
		};
		BB41FB452849DEB200BE4457 /* Build configuration list for PBXNativeTarget "SwiftBookUIKit1" */ = {
			isa = XCConfigurationList;
			buildConfigurations = (
				BB41FB462849DEB200BE4457 /* Debug */,
				BB41FB472849DEB200BE4457 /* Release */,
			);
			defaultConfigurationIsVisible = 0;
			defaultConfigurationName = Release;
		};
/* End XCConfigurationList section */
	};
	rootObject = BB41FB292849DEB000BE4457 /* Project object */;
}
